
Microsoft Visual Studio Solution File, Format Version 12.00
# Visual Studio Version 17
VisualStudioVersion = 17.8.34525.116
MinimumVisualStudioVersion = 10.0.40219.1
Project("{FAE04EC0-301F-11D3-BF4B-00C04F79EFBC}") = "Netflix.Solution", "Netflix.Solution\Netflix.Solution.csproj", "{1A253D26-1548-436E-9609-491D822D867B}"
EndProject
Global
	GlobalSection(SolutionConfigurationPlatforms) = preSolution
		Debug|Any CPU = Debug|Any CPU
		Release|Any CPU = Release|Any CPU
	EndGlobalSection
	GlobalSection(ProjectConfigurationPlatforms) = postSolution
		{1A253D26-1548-436E-9609-491D822D867B}.Debug|Any CPU.ActiveCfg = Debug|Any CPU
		{1A253D26-1548-436E-9609-491D822D867B}.Debug|Any CPU.Build.0 = Debug|Any CPU
		{1A253D26-1548-436E-9609-491D822D867B}.Release|Any CPU.ActiveCfg = Release|Any CPU
		{1A253D26-1548-436E-9609-491D822D867B}.Release|Any CPU.Build.0 = Release|Any CPU
	EndGlobalSection
	GlobalSection(SolutionProperties) = preSolution
		HideSolutionNode = FALSE
	EndGlobalSection
	GlobalSection(ExtensibilityGlobals) = postSolution
		SolutionGuid = {109E2F4B-442F-400B-881D-A1B6AEF63BFE}
	EndGlobalSection
EndGlobal
